
Microsoft Visual Studio Solution File, Format Version 12.00
# Visual Studio Version 17
VisualStudioVersion = 17.1.32328.378
MinimumVisualStudioVersion = 10.0.40219.1
Project("{9A19103F-16F7-4668-BE54-9A1E7A4F7556}") = "UI", "Library\UI.csproj", "{A013830E-BDFC-47F6-A43F-5CA5256F77AF}"
EndProject
Project("{9A19103F-16F7-4668-BE54-9A1E7A4F7556}") = "BLL", "BLL\BLL.csproj", "{555D377B-6FB3-48C1-975C-AF53D75B7058}"
EndProject
Project("{9A19103F-16F7-4668-BE54-9A1E7A4F7556}") = "DAL", "DAL\DAL.csproj", "{A67EE3E3-E008-4665-94B7-ABE5F9039B8C}"
EndProject
Project("{FAE04EC0-301F-11D3-BF4B-00C04F79EFBC}") = "Common", "Common\Common.csproj", "{4BEFE732-3BAA-4319-A155-FDBC47412362}"
EndProject
Global
	GlobalSection(SolutionConfigurationPlatforms) = preSolution
		Debug|Any CPU = Debug|Any CPU
		Release|Any CPU = Release|Any CPU
	EndGlobalSection
	GlobalSection(ProjectConfigurationPlatforms) = postSolution
		{A013830E-BDFC-47F6-A43F-5CA5256F77AF}.Debug|Any CPU.ActiveCfg = Debug|Any CPU
		{A013830E-BDFC-47F6-A43F-5CA5256F77AF}.Debug|Any CPU.Build.0 = Debug|Any CPU
		{A013830E-BDFC-47F6-A43F-5CA5256F77AF}.Release|Any CPU.ActiveCfg = Release|Any CPU
		{A013830E-BDFC-47F6-A43F-5CA5256F77AF}.Release|Any CPU.Build.0 = Release|Any CPU
		{555D377B-6FB3-48C1-975C-AF53D75B7058}.Debug|Any CPU.ActiveCfg = Debug|Any CPU
		{555D377B-6FB3-48C1-975C-AF53D75B7058}.Debug|Any CPU.Build.0 = Debug|Any CPU
		{555D377B-6FB3-48C1-975C-AF53D75B7058}.Release|Any CPU.ActiveCfg = Release|Any CPU
		{555D377B-6FB3-48C1-975C-AF53D75B7058}.Release|Any CPU.Build.0 = Release|Any CPU
		{A67EE3E3-E008-4665-94B7-ABE5F9039B8C}.Debug|Any CPU.ActiveCfg = Debug|Any CPU
		{A67EE3E3-E008-4665-94B7-ABE5F9039B8C}.Debug|Any CPU.Build.0 = Debug|Any CPU
		{A67EE3E3-E008-4665-94B7-ABE5F9039B8C}.Release|Any CPU.ActiveCfg = Release|Any CPU
		{A67EE3E3-E008-4665-94B7-ABE5F9039B8C}.Release|Any CPU.Build.0 = Release|Any CPU
		{4BEFE732-3BAA-4319-A155-FDBC47412362}.Debug|Any CPU.ActiveCfg = Debug|Any CPU
		{4BEFE732-3BAA-4319-A155-FDBC47412362}.Debug|Any CPU.Build.0 = Debug|Any CPU
		{4BEFE732-3BAA-4319-A155-FDBC47412362}.Release|Any CPU.ActiveCfg = Release|Any CPU
		{4BEFE732-3BAA-4319-A155-FDBC47412362}.Release|Any CPU.Build.0 = Release|Any CPU
	EndGlobalSection
	GlobalSection(SolutionProperties) = preSolution
		HideSolutionNode = FALSE
	EndGlobalSection
	GlobalSection(ExtensibilityGlobals) = postSolution
		SolutionGuid = {039593D9-558D-4282-B424-1E1EF70F127D}
	EndGlobalSection
EndGlobal
